
Microsoft Visual Studio Solution File, Format Version 12.00
# Visual Studio Version 17
VisualStudioVersion = 17.14.36705.20 d17.14
MinimumVisualStudioVersion = 10.0.40219.1
Project("{FAE04EC0-301F-11D3-BF4B-00C04F79EFBC}") = "LenghtLastString", "LenghtLastString\LenghtLastString.csproj", "{96079259-BD41-45CC-96C6-08A2BCA35BA8}"
EndProject
Global
	GlobalSection(SolutionConfigurationPlatforms) = preSolution
		Debug|Any CPU = Debug|Any CPU
		Release|Any CPU = Release|Any CPU
	EndGlobalSection
	GlobalSection(ProjectConfigurationPlatforms) = postSolution
		{96079259-BD41-45CC-96C6-08A2BCA35BA8}.Debug|Any CPU.ActiveCfg = Debug|Any CPU
		{96079259-BD41-45CC-96C6-08A2BCA35BA8}.Debug|Any CPU.Build.0 = Debug|Any CPU
		{96079259-BD41-45CC-96C6-08A2BCA35BA8}.Release|Any CPU.ActiveCfg = Release|Any CPU
		{96079259-BD41-45CC-96C6-08A2BCA35BA8}.Release|Any CPU.Build.0 = Release|Any CPU
	EndGlobalSection
	GlobalSection(SolutionProperties) = preSolution
		HideSolutionNode = FALSE
	EndGlobalSection
	GlobalSection(ExtensibilityGlobals) = postSolution
		SolutionGuid = {5A3308FE-1333-4C2B-88F2-914E20ADBF06}
	EndGlobalSection
EndGlobal
